
Microsoft Visual Studio Solution File, Format Version 12.00
# Visual Studio Version 16
VisualStudioVersion = 16.0.29006.145
MinimumVisualStudioVersion = 10.0.40219.1
Project("{FAE04EC0-301F-11D3-BF4B-00C04F79EFBC}") = "Entities", "Entities\Entities.csproj", "{50049B72-AEB0-413B-9383-D251EB7CD916}"
EndProject
Project("{FAE04EC0-301F-11D3-BF4B-00C04F79EFBC}") = "IUser.BLL", "IUser.BLL\IUser.BLL.csproj", "{4F2A0204-F852-4531-893A-326034613076}"
EndProject
Project("{FAE04EC0-301F-11D3-BF4B-00C04F79EFBC}") = "UserBLL", "UserBLL\UserBLL.csproj", "{074FAB3B-1A29-42BA-9FEF-765F6D54DD53}"
EndProject
Project("{FAE04EC0-301F-11D3-BF4B-00C04F79EFBC}") = "IUser.DAL", "IUser.DLL\IUser.DAL.csproj", "{84118864-C9B2-4D58-A42C-E8B0B0D08B80}"
EndProject
Project("{FAE04EC0-301F-11D3-BF4B-00C04F79EFBC}") = "UserDAL", "UserDLL\UserDAL.csproj", "{98811F0C-61C2-4624-B1FD-13042C235116}"
EndProject
Project("{2150E333-8FDC-42A3-9474-1A3956D46DE8}") = "BLL", "BLL", "{C0CE3EE2-1AC6-48F0-86DF-887756993D4F}"
EndProject
Project("{2150E333-8FDC-42A3-9474-1A3956D46DE8}") = "DAL", "DAL", "{ABBCD4EC-B2D9-46BE-9797-EE20186E479C}"
EndProject
Project("{2150E333-8FDC-42A3-9474-1A3956D46DE8}") = "PL", "PL", "{3D85487D-71F7-4343-8708-C090093FA3A2}"
EndProject
Project("{2150E333-8FDC-42A3-9474-1A3956D46DE8}") = "Entities", "Entities", "{241335F7-861F-4148-86BF-ABBD7F80D97F}"
EndProject
Project("{FAE04EC0-301F-11D3-BF4B-00C04F79EFBC}") = "WebApp", "WebApp\WebApp.csproj", "{0F030DAC-5038-4418-95FE-49A8A8056531}"
EndProject
Project("{FAE04EC0-301F-11D3-BF4B-00C04F79EFBC}") = "AwardBLL", "AwardBLL\AwardBLL.csproj", "{BADA6914-E769-468E-8C44-93445060D0A7}"
EndProject
Project("{FAE04EC0-301F-11D3-BF4B-00C04F79EFBC}") = "IAward.BLL", "IAward.BLL\IAward.BLL.csproj", "{60A38175-AC4B-4BEA-B08D-E3540A9E8731}"
EndProject
Project("{FAE04EC0-301F-11D3-BF4B-00C04F79EFBC}") = "AwardDAL", "AwardDAL\AwardDAL.csproj", "{E65FE3A5-A33D-4DEE-9FFC-5A9AD0BCE805}"
EndProject
Project("{FAE04EC0-301F-11D3-BF4B-00C04F79EFBC}") = "IAwardDAL", "IAwardDAL\IAwardDAL.csproj", "{123D3D03-8048-4518-979F-404EFC91DBA0}"
EndProject
Project("{FAE04EC0-301F-11D3-BF4B-00C04F79EFBC}") = "ConsoleApp", "ConsoleApp\ConsoleApp.csproj", "{C7F6433A-0807-42DE-8BD0-738EFE4B0D72}"
EndProject
Project("{2150E333-8FDC-42A3-9474-1A3956D46DE8}") = "Util", "Util", "{991617F4-6E18-4EE9-9BE5-B82E873F9657}"
EndProject
Project("{FAE04EC0-301F-11D3-BF4B-00C04F79EFBC}") = "Cache", "Cache\Cache.csproj", "{6C133F81-C581-4380-AC15-D51A6C2DF600}"
EndProject
Global
	GlobalSection(SolutionConfigurationPlatforms) = preSolution
		Debug|Any CPU = Debug|Any CPU
		Release|Any CPU = Release|Any CPU
	EndGlobalSection
	GlobalSection(ProjectConfigurationPlatforms) = postSolution
		{50049B72-AEB0-413B-9383-D251EB7CD916}.Debug|Any CPU.ActiveCfg = Debug|Any CPU
		{50049B72-AEB0-413B-9383-D251EB7CD916}.Debug|Any CPU.Build.0 = Debug|Any CPU
		{50049B72-AEB0-413B-9383-D251EB7CD916}.Release|Any CPU.ActiveCfg = Release|Any CPU
		{50049B72-AEB0-413B-9383-D251EB7CD916}.Release|Any CPU.Build.0 = Release|Any CPU
		{4F2A0204-F852-4531-893A-326034613076}.Debug|Any CPU.ActiveCfg = Debug|Any CPU
		{4F2A0204-F852-4531-893A-326034613076}.Debug|Any CPU.Build.0 = Debug|Any CPU
		{4F2A0204-F852-4531-893A-326034613076}.Release|Any CPU.ActiveCfg = Release|Any CPU
		{4F2A0204-F852-4531-893A-326034613076}.Release|Any CPU.Build.0 = Release|Any CPU
		{074FAB3B-1A29-42BA-9FEF-765F6D54DD53}.Debug|Any CPU.ActiveCfg = Debug|Any CPU
		{074FAB3B-1A29-42BA-9FEF-765F6D54DD53}.Debug|Any CPU.Build.0 = Debug|Any CPU
		{074FAB3B-1A29-42BA-9FEF-765F6D54DD53}.Release|Any CPU.ActiveCfg = Release|Any CPU
		{074FAB3B-1A29-42BA-9FEF-765F6D54DD53}.Release|Any CPU.Build.0 = Release|Any CPU
		{84118864-C9B2-4D58-A42C-E8B0B0D08B80}.Debug|Any CPU.ActiveCfg = Debug|Any CPU
		{84118864-C9B2-4D58-A42C-E8B0B0D08B80}.Debug|Any CPU.Build.0 = Debug|Any CPU
		{84118864-C9B2-4D58-A42C-E8B0B0D08B80}.Release|Any CPU.ActiveCfg = Release|Any CPU
		{84118864-C9B2-4D58-A42C-E8B0B0D08B80}.Release|Any CPU.Build.0 = Release|Any CPU
		{98811F0C-61C2-4624-B1FD-13042C235116}.Debug|Any CPU.ActiveCfg = Debug|Any CPU
		{98811F0C-61C2-4624-B1FD-13042C235116}.Debug|Any CPU.Build.0 = Debug|Any CPU
		{98811F0C-61C2-4624-B1FD-13042C235116}.Release|Any CPU.ActiveCfg = Release|Any CPU
		{98811F0C-61C2-4624-B1FD-13042C235116}.Release|Any CPU.Build.0 = Release|Any CPU
		{0F030DAC-5038-4418-95FE-49A8A8056531}.Debug|Any CPU.ActiveCfg = Debug|Any CPU
		{0F030DAC-5038-4418-95FE-49A8A8056531}.Debug|Any CPU.Build.0 = Debug|Any CPU
		{0F030DAC-5038-4418-95FE-49A8A8056531}.Release|Any CPU.ActiveCfg = Release|Any CPU
		{0F030DAC-5038-4418-95FE-49A8A8056531}.Release|Any CPU.Build.0 = Release|Any CPU
		{BADA6914-E769-468E-8C44-93445060D0A7}.Debug|Any CPU.ActiveCfg = Debug|Any CPU
		{BADA6914-E769-468E-8C44-93445060D0A7}.Debug|Any CPU.Build.0 = Debug|Any CPU
		{BADA6914-E769-468E-8C44-93445060D0A7}.Release|Any CPU.ActiveCfg = Release|Any CPU
		{BADA6914-E769-468E-8C44-93445060D0A7}.Release|Any CPU.Build.0 = Release|Any CPU
		{60A38175-AC4B-4BEA-B08D-E3540A9E8731}.Debug|Any CPU.ActiveCfg = Debug|Any CPU
		{60A38175-AC4B-4BEA-B08D-E3540A9E8731}.Debug|Any CPU.Build.0 = Debug|Any CPU
		{60A38175-AC4B-4BEA-B08D-E3540A9E8731}.Release|Any CPU.ActiveCfg = Release|Any CPU
		{60A38175-AC4B-4BEA-B08D-E3540A9E8731}.Release|Any CPU.Build.0 = Release|Any CPU
		{E65FE3A5-A33D-4DEE-9FFC-5A9AD0BCE805}.Debug|Any CPU.ActiveCfg = Debug|Any CPU
		{E65FE3A5-A33D-4DEE-9FFC-5A9AD0BCE805}.Debug|Any CPU.Build.0 = Debug|Any CPU
		{E65FE3A5-A33D-4DEE-9FFC-5A9AD0BCE805}.Release|Any CPU.ActiveCfg = Release|Any CPU
		{E65FE3A5-A33D-4DEE-9FFC-5A9AD0BCE805}.Release|Any CPU.Build.0 = Release|Any CPU
		{123D3D03-8048-4518-979F-404EFC91DBA0}.Debug|Any CPU.ActiveCfg = Debug|Any CPU
		{123D3D03-8048-4518-979F-404EFC91DBA0}.Debug|Any CPU.Build.0 = Debug|Any CPU
		{123D3D03-8048-4518-979F-404EFC91DBA0}.Release|Any CPU.ActiveCfg = Release|Any CPU
		{123D3D03-8048-4518-979F-404EFC91DBA0}.Release|Any CPU.Build.0 = Release|Any CPU
		{C7F6433A-0807-42DE-8BD0-738EFE4B0D72}.Debug|Any CPU.ActiveCfg = Debug|Any CPU
		{C7F6433A-0807-42DE-8BD0-738EFE4B0D72}.Debug|Any CPU.Build.0 = Debug|Any CPU
		{C7F6433A-0807-42DE-8BD0-738EFE4B0D72}.Release|Any CPU.ActiveCfg = Release|Any CPU
		{C7F6433A-0807-42DE-8BD0-738EFE4B0D72}.Release|Any CPU.Build.0 = Release|Any CPU
		{6C133F81-C581-4380-AC15-D51A6C2DF600}.Debug|Any CPU.ActiveCfg = Debug|Any CPU
		{6C133F81-C581-4380-AC15-D51A6C2DF600}.Debug|Any CPU.Build.0 = Debug|Any CPU
		{6C133F81-C581-4380-AC15-D51A6C2DF600}.Release|Any CPU.ActiveCfg = Release|Any CPU
		{6C133F81-C581-4380-AC15-D51A6C2DF600}.Release|Any CPU.Build.0 = Release|Any CPU
	EndGlobalSection
	GlobalSection(SolutionProperties) = preSolution
		HideSolutionNode = FALSE
	EndGlobalSection
	GlobalSection(NestedProjects) = preSolution
		{50049B72-AEB0-413B-9383-D251EB7CD916} = {241335F7-861F-4148-86BF-ABBD7F80D97F}
		{4F2A0204-F852-4531-893A-326034613076} = {C0CE3EE2-1AC6-48F0-86DF-887756993D4F}
		{074FAB3B-1A29-42BA-9FEF-765F6D54DD53} = {C0CE3EE2-1AC6-48F0-86DF-887756993D4F}
		{84118864-C9B2-4D58-A42C-E8B0B0D08B80} = {ABBCD4EC-B2D9-46BE-9797-EE20186E479C}
		{98811F0C-61C2-4624-B1FD-13042C235116} = {ABBCD4EC-B2D9-46BE-9797-EE20186E479C}
		{0F030DAC-5038-4418-95FE-49A8A8056531} = {3D85487D-71F7-4343-8708-C090093FA3A2}
		{BADA6914-E769-468E-8C44-93445060D0A7} = {C0CE3EE2-1AC6-48F0-86DF-887756993D4F}
		{60A38175-AC4B-4BEA-B08D-E3540A9E8731} = {C0CE3EE2-1AC6-48F0-86DF-887756993D4F}
		{E65FE3A5-A33D-4DEE-9FFC-5A9AD0BCE805} = {ABBCD4EC-B2D9-46BE-9797-EE20186E479C}
		{123D3D03-8048-4518-979F-404EFC91DBA0} = {ABBCD4EC-B2D9-46BE-9797-EE20186E479C}
		{C7F6433A-0807-42DE-8BD0-738EFE4B0D72} = {3D85487D-71F7-4343-8708-C090093FA3A2}
		{6C133F81-C581-4380-AC15-D51A6C2DF600} = {991617F4-6E18-4EE9-9BE5-B82E873F9657}
	EndGlobalSection
	GlobalSection(ExtensibilityGlobals) = postSolution
		SolutionGuid = {8B96A6DF-2C33-47FE-9980-F3C7F8243DC2}
	EndGlobalSection
EndGlobal
