
Microsoft Visual Studio Solution File, Format Version 12.00
# Visual Studio Version 16
VisualStudioVersion = 16.0.29006.145
MinimumVisualStudioVersion = 10.0.40219.1
Project("{FAE04EC0-301F-11D3-BF4B-00C04F79EFBC}") = "Entities", "Entities\Entities.csproj", "{50049B72-AEB0-413B-9383-D251EB7CD916}"
EndProject
Project("{2150E333-8FDC-42A3-9474-1A3956D46DE8}") = "BLL", "BLL", "{C0CE3EE2-1AC6-48F0-86DF-887756993D4F}"
EndProject
Project("{2150E333-8FDC-42A3-9474-1A3956D46DE8}") = "DAL", "DAL", "{ABBCD4EC-B2D9-46BE-9797-EE20186E479C}"
EndProject
Project("{2150E333-8FDC-42A3-9474-1A3956D46DE8}") = "PL", "PL", "{3D85487D-71F7-4343-8708-C090093FA3A2}"
EndProject
Project("{2150E333-8FDC-42A3-9474-1A3956D46DE8}") = "Entities", "Entities", "{241335F7-861F-4148-86BF-ABBD7F80D97F}"
EndProject
Project("{FAE04EC0-301F-11D3-BF4B-00C04F79EFBC}") = "WebApp", "WebApp\WebApp.csproj", "{0F030DAC-5038-4418-95FE-49A8A8056531}"
EndProject
Project("{FAE04EC0-301F-11D3-BF4B-00C04F79EFBC}") = "FlatBLL", "FlatBLL\FlatBLL.csproj", "{BADA6914-E769-468E-8C44-93445060D0A7}"
EndProject
Project("{FAE04EC0-301F-11D3-BF4B-00C04F79EFBC}") = "IFlat.BLL", "IFlat.BLL\IFlat.BLL.csproj", "{60A38175-AC4B-4BEA-B08D-E3540A9E8731}"
EndProject
Project("{FAE04EC0-301F-11D3-BF4B-00C04F79EFBC}") = "FlatDAL", "FlatDAL\FlatDAL.csproj", "{E65FE3A5-A33D-4DEE-9FFC-5A9AD0BCE805}"
EndProject
Project("{FAE04EC0-301F-11D3-BF4B-00C04F79EFBC}") = "IFlatDAL", "IFlatDAL\IFlatDAL.csproj", "{123D3D03-8048-4518-979F-404EFC91DBA0}"
EndProject
Project("{FAE04EC0-301F-11D3-BF4B-00C04F79EFBC}") = "HouseBLL", "HouseBLL\HouseBLL.csproj", "{2C805545-AAB1-49B2-AE53-71E2556D834E}"
EndProject
Project("{FAE04EC0-301F-11D3-BF4B-00C04F79EFBC}") = "HouseDAL", "HouseDAL\HouseDAL.csproj", "{4B918374-41D2-4535-AF3E-A9F0156BA5F1}"
EndProject
Project("{FAE04EC0-301F-11D3-BF4B-00C04F79EFBC}") = "StreetDAL", "StreetDAL\StreetDAL.csproj", "{81258226-AA53-4D88-96F0-300DEE7DC8D7}"
EndProject
Project("{FAE04EC0-301F-11D3-BF4B-00C04F79EFBC}") = "CottageDAL", "CottageDAL\CottageDAL.csproj", "{84658478-71FD-4589-B483-34FCD2598EE1}"
EndProject
Project("{FAE04EC0-301F-11D3-BF4B-00C04F79EFBC}") = "CityDAL", "CityDAL\CityDAL.csproj", "{69A24952-589C-47C3-B9C1-C1DF7049D61B}"
EndProject
Project("{FAE04EC0-301F-11D3-BF4B-00C04F79EFBC}") = "OwnerDAL", "OwnerDAL\OwnerDAL.csproj", "{0DD63B5E-21C7-4C4C-B3AE-A23EFE142099}"
EndProject
Project("{FAE04EC0-301F-11D3-BF4B-00C04F79EFBC}") = "CustomerDAL", "CustomerDAL\CustomerDAL.csproj", "{E163CB7C-F93A-4AF9-BD6E-5373EF21FBD6}"
EndProject
Project("{FAE04EC0-301F-11D3-BF4B-00C04F79EFBC}") = "RealtorDAL", "RealtorDAL\RealtorDAL.csproj", "{8B1B6D7F-B832-4C7A-9B84-967132A0099B}"
EndProject
Project("{FAE04EC0-301F-11D3-BF4B-00C04F79EFBC}") = "ICityDAL", "ICityDAL\ICityDAL.csproj", "{D322F52F-59F3-4C58-9D8E-CCE171E42F19}"
EndProject
Project("{FAE04EC0-301F-11D3-BF4B-00C04F79EFBC}") = "IStreetDAL", "IStreetDAL\IStreetDAL.csproj", "{F856E6E2-887E-45CD-8B65-C426EF0F2A6E}"
EndProject
Project("{FAE04EC0-301F-11D3-BF4B-00C04F79EFBC}") = "IRealtorDAL", "IRealtorDAL\IRealtorDAL.csproj", "{45CE5D20-F592-4C24-89C9-3E58FED15C34}"
EndProject
Project("{FAE04EC0-301F-11D3-BF4B-00C04F79EFBC}") = "IHouseDAL", "IHouseDAL\IHouseDAL.csproj", "{C83E5F93-DBF7-4E0D-A5BF-C771CA6E4E46}"
EndProject
Project("{FAE04EC0-301F-11D3-BF4B-00C04F79EFBC}") = "IOwnerDAL", "IOwnerDAL\IOwnerDAL.csproj", "{699B0482-10B4-4F34-9373-E5A9B483D48B}"
EndProject
Project("{FAE04EC0-301F-11D3-BF4B-00C04F79EFBC}") = "ICustomerDAL", "ICustomerDAL\ICustomerDAL.csproj", "{78D17A83-02AE-4852-B58E-877EC753A166}"
EndProject
Project("{FAE04EC0-301F-11D3-BF4B-00C04F79EFBC}") = "ICottageDAL", "ICottageDAL\ICottageDAL.csproj", "{7FA497A0-5128-44C3-AE7E-B8A2A62634D6}"
EndProject
Project("{FAE04EC0-301F-11D3-BF4B-00C04F79EFBC}") = "IHouseBLL", "IHouseBLL\IHouseBLL.csproj", "{C5F55CA2-B0FE-44A1-B904-E0D6600868B7}"
EndProject
Project("{FAE04EC0-301F-11D3-BF4B-00C04F79EFBC}") = "ICityBLL", "ICityBLL\ICityBLL.csproj", "{921EB688-E02D-49D6-81BD-C35E2342C3A1}"
EndProject
Project("{FAE04EC0-301F-11D3-BF4B-00C04F79EFBC}") = "ICottageBLL", "ICottageBLL\ICottageBLL.csproj", "{58BEFE74-DEAE-46FC-A0C1-F70E79964ABA}"
EndProject
Project("{FAE04EC0-301F-11D3-BF4B-00C04F79EFBC}") = "ICustomerBLL", "ICustomerBLL\ICustomerBLL.csproj", "{DCD83762-DCCF-4D33-9CB4-7557DF8C8119}"
EndProject
Project("{FAE04EC0-301F-11D3-BF4B-00C04F79EFBC}") = "IOwnerBLL", "IOwnerBLL\IOwnerBLL.csproj", "{F8C58716-14D3-4C49-A6A8-C388BA5069D7}"
EndProject
Project("{FAE04EC0-301F-11D3-BF4B-00C04F79EFBC}") = "IRealtorBLL", "IRealtorBLL\IRealtorBLL.csproj", "{8F578AD5-6CB8-4727-8E27-3B6FBED65AE4}"
EndProject
Project("{FAE04EC0-301F-11D3-BF4B-00C04F79EFBC}") = "IStreetBLL", "IStreetBLL\IStreetBLL.csproj", "{C3642880-1A53-4F07-B12D-08AC9F1B9BBE}"
EndProject
Project("{FAE04EC0-301F-11D3-BF4B-00C04F79EFBC}") = "CityBLL", "CityBLL\CityBLL.csproj", "{9A622130-F485-4957-8FA8-30B76341B458}"
EndProject
Project("{FAE04EC0-301F-11D3-BF4B-00C04F79EFBC}") = "CottageBLL", "CottageBLL\CottageBLL.csproj", "{8F7DDF81-8949-43E6-8D8D-2D6646B3B7B6}"
EndProject
Project("{FAE04EC0-301F-11D3-BF4B-00C04F79EFBC}") = "CustomerBLL", "CustomerBLL\CustomerBLL.csproj", "{3409DAA8-DFA4-4E9A-8E95-67E15EBA3617}"
EndProject
Project("{FAE04EC0-301F-11D3-BF4B-00C04F79EFBC}") = "OwnerBLL", "OwnerBLL\OwnerBLL.csproj", "{30A5C83A-0F77-46B6-929F-D1FA3F70A6C7}"
EndProject
Project("{FAE04EC0-301F-11D3-BF4B-00C04F79EFBC}") = "RealtorBLL", "RealtorBLL\RealtorBLL.csproj", "{49159399-B5C1-42BD-B994-27294ABB4483}"
EndProject
Project("{FAE04EC0-301F-11D3-BF4B-00C04F79EFBC}") = "StreetBLL", "StreetBLL\StreetBLL.csproj", "{6ED76420-25EC-44E8-9AF0-C0B72573B9E7}"
EndProject
Global
	GlobalSection(SolutionConfigurationPlatforms) = preSolution
		Debug|Any CPU = Debug|Any CPU
		Release|Any CPU = Release|Any CPU
	EndGlobalSection
	GlobalSection(ProjectConfigurationPlatforms) = postSolution
		{50049B72-AEB0-413B-9383-D251EB7CD916}.Debug|Any CPU.ActiveCfg = Debug|Any CPU
		{50049B72-AEB0-413B-9383-D251EB7CD916}.Debug|Any CPU.Build.0 = Debug|Any CPU
		{50049B72-AEB0-413B-9383-D251EB7CD916}.Release|Any CPU.ActiveCfg = Release|Any CPU
		{50049B72-AEB0-413B-9383-D251EB7CD916}.Release|Any CPU.Build.0 = Release|Any CPU
		{0F030DAC-5038-4418-95FE-49A8A8056531}.Debug|Any CPU.ActiveCfg = Debug|Any CPU
		{0F030DAC-5038-4418-95FE-49A8A8056531}.Debug|Any CPU.Build.0 = Debug|Any CPU
		{0F030DAC-5038-4418-95FE-49A8A8056531}.Release|Any CPU.ActiveCfg = Release|Any CPU
		{0F030DAC-5038-4418-95FE-49A8A8056531}.Release|Any CPU.Build.0 = Release|Any CPU
		{BADA6914-E769-468E-8C44-93445060D0A7}.Debug|Any CPU.ActiveCfg = Debug|Any CPU
		{BADA6914-E769-468E-8C44-93445060D0A7}.Debug|Any CPU.Build.0 = Debug|Any CPU
		{BADA6914-E769-468E-8C44-93445060D0A7}.Release|Any CPU.ActiveCfg = Release|Any CPU
		{BADA6914-E769-468E-8C44-93445060D0A7}.Release|Any CPU.Build.0 = Release|Any CPU
		{60A38175-AC4B-4BEA-B08D-E3540A9E8731}.Debug|Any CPU.ActiveCfg = Debug|Any CPU
		{60A38175-AC4B-4BEA-B08D-E3540A9E8731}.Debug|Any CPU.Build.0 = Debug|Any CPU
		{60A38175-AC4B-4BEA-B08D-E3540A9E8731}.Release|Any CPU.ActiveCfg = Release|Any CPU
		{60A38175-AC4B-4BEA-B08D-E3540A9E8731}.Release|Any CPU.Build.0 = Release|Any CPU
		{E65FE3A5-A33D-4DEE-9FFC-5A9AD0BCE805}.Debug|Any CPU.ActiveCfg = Debug|Any CPU
		{E65FE3A5-A33D-4DEE-9FFC-5A9AD0BCE805}.Debug|Any CPU.Build.0 = Debug|Any CPU
		{E65FE3A5-A33D-4DEE-9FFC-5A9AD0BCE805}.Release|Any CPU.ActiveCfg = Release|Any CPU
		{E65FE3A5-A33D-4DEE-9FFC-5A9AD0BCE805}.Release|Any CPU.Build.0 = Release|Any CPU
		{123D3D03-8048-4518-979F-404EFC91DBA0}.Debug|Any CPU.ActiveCfg = Debug|Any CPU
		{123D3D03-8048-4518-979F-404EFC91DBA0}.Debug|Any CPU.Build.0 = Debug|Any CPU
		{123D3D03-8048-4518-979F-404EFC91DBA0}.Release|Any CPU.ActiveCfg = Release|Any CPU
		{123D3D03-8048-4518-979F-404EFC91DBA0}.Release|Any CPU.Build.0 = Release|Any CPU
		{2C805545-AAB1-49B2-AE53-71E2556D834E}.Debug|Any CPU.ActiveCfg = Debug|Any CPU
		{2C805545-AAB1-49B2-AE53-71E2556D834E}.Debug|Any CPU.Build.0 = Debug|Any CPU
		{2C805545-AAB1-49B2-AE53-71E2556D834E}.Release|Any CPU.ActiveCfg = Release|Any CPU
		{2C805545-AAB1-49B2-AE53-71E2556D834E}.Release|Any CPU.Build.0 = Release|Any CPU
		{4B918374-41D2-4535-AF3E-A9F0156BA5F1}.Debug|Any CPU.ActiveCfg = Debug|Any CPU
		{4B918374-41D2-4535-AF3E-A9F0156BA5F1}.Debug|Any CPU.Build.0 = Debug|Any CPU
		{4B918374-41D2-4535-AF3E-A9F0156BA5F1}.Release|Any CPU.ActiveCfg = Release|Any CPU
		{4B918374-41D2-4535-AF3E-A9F0156BA5F1}.Release|Any CPU.Build.0 = Release|Any CPU
		{81258226-AA53-4D88-96F0-300DEE7DC8D7}.Debug|Any CPU.ActiveCfg = Debug|Any CPU
		{81258226-AA53-4D88-96F0-300DEE7DC8D7}.Debug|Any CPU.Build.0 = Debug|Any CPU
		{81258226-AA53-4D88-96F0-300DEE7DC8D7}.Release|Any CPU.ActiveCfg = Release|Any CPU
		{81258226-AA53-4D88-96F0-300DEE7DC8D7}.Release|Any CPU.Build.0 = Release|Any CPU
		{84658478-71FD-4589-B483-34FCD2598EE1}.Debug|Any CPU.ActiveCfg = Debug|Any CPU
		{84658478-71FD-4589-B483-34FCD2598EE1}.Debug|Any CPU.Build.0 = Debug|Any CPU
		{84658478-71FD-4589-B483-34FCD2598EE1}.Release|Any CPU.ActiveCfg = Release|Any CPU
		{84658478-71FD-4589-B483-34FCD2598EE1}.Release|Any CPU.Build.0 = Release|Any CPU
		{69A24952-589C-47C3-B9C1-C1DF7049D61B}.Debug|Any CPU.ActiveCfg = Debug|Any CPU
		{69A24952-589C-47C3-B9C1-C1DF7049D61B}.Debug|Any CPU.Build.0 = Debug|Any CPU
		{69A24952-589C-47C3-B9C1-C1DF7049D61B}.Release|Any CPU.ActiveCfg = Release|Any CPU
		{69A24952-589C-47C3-B9C1-C1DF7049D61B}.Release|Any CPU.Build.0 = Release|Any CPU
		{0DD63B5E-21C7-4C4C-B3AE-A23EFE142099}.Debug|Any CPU.ActiveCfg = Debug|Any CPU
		{0DD63B5E-21C7-4C4C-B3AE-A23EFE142099}.Debug|Any CPU.Build.0 = Debug|Any CPU
		{0DD63B5E-21C7-4C4C-B3AE-A23EFE142099}.Release|Any CPU.ActiveCfg = Release|Any CPU
		{0DD63B5E-21C7-4C4C-B3AE-A23EFE142099}.Release|Any CPU.Build.0 = Release|Any CPU
		{E163CB7C-F93A-4AF9-BD6E-5373EF21FBD6}.Debug|Any CPU.ActiveCfg = Debug|Any CPU
		{E163CB7C-F93A-4AF9-BD6E-5373EF21FBD6}.Debug|Any CPU.Build.0 = Debug|Any CPU
		{E163CB7C-F93A-4AF9-BD6E-5373EF21FBD6}.Release|Any CPU.ActiveCfg = Release|Any CPU
		{E163CB7C-F93A-4AF9-BD6E-5373EF21FBD6}.Release|Any CPU.Build.0 = Release|Any CPU
		{8B1B6D7F-B832-4C7A-9B84-967132A0099B}.Debug|Any CPU.ActiveCfg = Debug|Any CPU
		{8B1B6D7F-B832-4C7A-9B84-967132A0099B}.Debug|Any CPU.Build.0 = Debug|Any CPU
		{8B1B6D7F-B832-4C7A-9B84-967132A0099B}.Release|Any CPU.ActiveCfg = Release|Any CPU
		{8B1B6D7F-B832-4C7A-9B84-967132A0099B}.Release|Any CPU.Build.0 = Release|Any CPU
		{D322F52F-59F3-4C58-9D8E-CCE171E42F19}.Debug|Any CPU.ActiveCfg = Debug|Any CPU
		{D322F52F-59F3-4C58-9D8E-CCE171E42F19}.Debug|Any CPU.Build.0 = Debug|Any CPU
		{D322F52F-59F3-4C58-9D8E-CCE171E42F19}.Release|Any CPU.ActiveCfg = Release|Any CPU
		{D322F52F-59F3-4C58-9D8E-CCE171E42F19}.Release|Any CPU.Build.0 = Release|Any CPU
		{F856E6E2-887E-45CD-8B65-C426EF0F2A6E}.Debug|Any CPU.ActiveCfg = Debug|Any CPU
		{F856E6E2-887E-45CD-8B65-C426EF0F2A6E}.Debug|Any CPU.Build.0 = Debug|Any CPU
		{F856E6E2-887E-45CD-8B65-C426EF0F2A6E}.Release|Any CPU.ActiveCfg = Release|Any CPU
		{F856E6E2-887E-45CD-8B65-C426EF0F2A6E}.Release|Any CPU.Build.0 = Release|Any CPU
		{45CE5D20-F592-4C24-89C9-3E58FED15C34}.Debug|Any CPU.ActiveCfg = Debug|Any CPU
		{45CE5D20-F592-4C24-89C9-3E58FED15C34}.Debug|Any CPU.Build.0 = Debug|Any CPU
		{45CE5D20-F592-4C24-89C9-3E58FED15C34}.Release|Any CPU.ActiveCfg = Release|Any CPU
		{45CE5D20-F592-4C24-89C9-3E58FED15C34}.Release|Any CPU.Build.0 = Release|Any CPU
		{C83E5F93-DBF7-4E0D-A5BF-C771CA6E4E46}.Debug|Any CPU.ActiveCfg = Debug|Any CPU
		{C83E5F93-DBF7-4E0D-A5BF-C771CA6E4E46}.Debug|Any CPU.Build.0 = Debug|Any CPU
		{C83E5F93-DBF7-4E0D-A5BF-C771CA6E4E46}.Release|Any CPU.ActiveCfg = Release|Any CPU
		{C83E5F93-DBF7-4E0D-A5BF-C771CA6E4E46}.Release|Any CPU.Build.0 = Release|Any CPU
		{699B0482-10B4-4F34-9373-E5A9B483D48B}.Debug|Any CPU.ActiveCfg = Debug|Any CPU
		{699B0482-10B4-4F34-9373-E5A9B483D48B}.Debug|Any CPU.Build.0 = Debug|Any CPU
		{699B0482-10B4-4F34-9373-E5A9B483D48B}.Release|Any CPU.ActiveCfg = Release|Any CPU
		{699B0482-10B4-4F34-9373-E5A9B483D48B}.Release|Any CPU.Build.0 = Release|Any CPU
		{78D17A83-02AE-4852-B58E-877EC753A166}.Debug|Any CPU.ActiveCfg = Debug|Any CPU
		{78D17A83-02AE-4852-B58E-877EC753A166}.Debug|Any CPU.Build.0 = Debug|Any CPU
		{78D17A83-02AE-4852-B58E-877EC753A166}.Release|Any CPU.ActiveCfg = Release|Any CPU
		{78D17A83-02AE-4852-B58E-877EC753A166}.Release|Any CPU.Build.0 = Release|Any CPU
		{7FA497A0-5128-44C3-AE7E-B8A2A62634D6}.Debug|Any CPU.ActiveCfg = Debug|Any CPU
		{7FA497A0-5128-44C3-AE7E-B8A2A62634D6}.Debug|Any CPU.Build.0 = Debug|Any CPU
		{7FA497A0-5128-44C3-AE7E-B8A2A62634D6}.Release|Any CPU.ActiveCfg = Release|Any CPU
		{7FA497A0-5128-44C3-AE7E-B8A2A62634D6}.Release|Any CPU.Build.0 = Release|Any CPU
		{C5F55CA2-B0FE-44A1-B904-E0D6600868B7}.Debug|Any CPU.ActiveCfg = Debug|Any CPU
		{C5F55CA2-B0FE-44A1-B904-E0D6600868B7}.Debug|Any CPU.Build.0 = Debug|Any CPU
		{C5F55CA2-B0FE-44A1-B904-E0D6600868B7}.Release|Any CPU.ActiveCfg = Release|Any CPU
		{C5F55CA2-B0FE-44A1-B904-E0D6600868B7}.Release|Any CPU.Build.0 = Release|Any CPU
		{921EB688-E02D-49D6-81BD-C35E2342C3A1}.Debug|Any CPU.ActiveCfg = Debug|Any CPU
		{921EB688-E02D-49D6-81BD-C35E2342C3A1}.Debug|Any CPU.Build.0 = Debug|Any CPU
		{921EB688-E02D-49D6-81BD-C35E2342C3A1}.Release|Any CPU.ActiveCfg = Release|Any CPU
		{921EB688-E02D-49D6-81BD-C35E2342C3A1}.Release|Any CPU.Build.0 = Release|Any CPU
		{58BEFE74-DEAE-46FC-A0C1-F70E79964ABA}.Debug|Any CPU.ActiveCfg = Debug|Any CPU
		{58BEFE74-DEAE-46FC-A0C1-F70E79964ABA}.Debug|Any CPU.Build.0 = Debug|Any CPU
		{58BEFE74-DEAE-46FC-A0C1-F70E79964ABA}.Release|Any CPU.ActiveCfg = Release|Any CPU
		{58BEFE74-DEAE-46FC-A0C1-F70E79964ABA}.Release|Any CPU.Build.0 = Release|Any CPU
		{DCD83762-DCCF-4D33-9CB4-7557DF8C8119}.Debug|Any CPU.ActiveCfg = Debug|Any CPU
		{DCD83762-DCCF-4D33-9CB4-7557DF8C8119}.Debug|Any CPU.Build.0 = Debug|Any CPU
		{DCD83762-DCCF-4D33-9CB4-7557DF8C8119}.Release|Any CPU.ActiveCfg = Release|Any CPU
		{DCD83762-DCCF-4D33-9CB4-7557DF8C8119}.Release|Any CPU.Build.0 = Release|Any CPU
		{F8C58716-14D3-4C49-A6A8-C388BA5069D7}.Debug|Any CPU.ActiveCfg = Debug|Any CPU
		{F8C58716-14D3-4C49-A6A8-C388BA5069D7}.Debug|Any CPU.Build.0 = Debug|Any CPU
		{F8C58716-14D3-4C49-A6A8-C388BA5069D7}.Release|Any CPU.ActiveCfg = Release|Any CPU
		{F8C58716-14D3-4C49-A6A8-C388BA5069D7}.Release|Any CPU.Build.0 = Release|Any CPU
		{8F578AD5-6CB8-4727-8E27-3B6FBED65AE4}.Debug|Any CPU.ActiveCfg = Debug|Any CPU
		{8F578AD5-6CB8-4727-8E27-3B6FBED65AE4}.Debug|Any CPU.Build.0 = Debug|Any CPU
		{8F578AD5-6CB8-4727-8E27-3B6FBED65AE4}.Release|Any CPU.ActiveCfg = Release|Any CPU
		{8F578AD5-6CB8-4727-8E27-3B6FBED65AE4}.Release|Any CPU.Build.0 = Release|Any CPU
		{C3642880-1A53-4F07-B12D-08AC9F1B9BBE}.Debug|Any CPU.ActiveCfg = Debug|Any CPU
		{C3642880-1A53-4F07-B12D-08AC9F1B9BBE}.Debug|Any CPU.Build.0 = Debug|Any CPU
		{C3642880-1A53-4F07-B12D-08AC9F1B9BBE}.Release|Any CPU.ActiveCfg = Release|Any CPU
		{C3642880-1A53-4F07-B12D-08AC9F1B9BBE}.Release|Any CPU.Build.0 = Release|Any CPU
		{9A622130-F485-4957-8FA8-30B76341B458}.Debug|Any CPU.ActiveCfg = Debug|Any CPU
		{9A622130-F485-4957-8FA8-30B76341B458}.Debug|Any CPU.Build.0 = Debug|Any CPU
		{9A622130-F485-4957-8FA8-30B76341B458}.Release|Any CPU.ActiveCfg = Release|Any CPU
		{9A622130-F485-4957-8FA8-30B76341B458}.Release|Any CPU.Build.0 = Release|Any CPU
		{8F7DDF81-8949-43E6-8D8D-2D6646B3B7B6}.Debug|Any CPU.ActiveCfg = Debug|Any CPU
		{8F7DDF81-8949-43E6-8D8D-2D6646B3B7B6}.Debug|Any CPU.Build.0 = Debug|Any CPU
		{8F7DDF81-8949-43E6-8D8D-2D6646B3B7B6}.Release|Any CPU.ActiveCfg = Release|Any CPU
		{8F7DDF81-8949-43E6-8D8D-2D6646B3B7B6}.Release|Any CPU.Build.0 = Release|Any CPU
		{3409DAA8-DFA4-4E9A-8E95-67E15EBA3617}.Debug|Any CPU.ActiveCfg = Debug|Any CPU
		{3409DAA8-DFA4-4E9A-8E95-67E15EBA3617}.Debug|Any CPU.Build.0 = Debug|Any CPU
		{3409DAA8-DFA4-4E9A-8E95-67E15EBA3617}.Release|Any CPU.ActiveCfg = Release|Any CPU
		{3409DAA8-DFA4-4E9A-8E95-67E15EBA3617}.Release|Any CPU.Build.0 = Release|Any CPU
		{30A5C83A-0F77-46B6-929F-D1FA3F70A6C7}.Debug|Any CPU.ActiveCfg = Debug|Any CPU
		{30A5C83A-0F77-46B6-929F-D1FA3F70A6C7}.Debug|Any CPU.Build.0 = Debug|Any CPU
		{30A5C83A-0F77-46B6-929F-D1FA3F70A6C7}.Release|Any CPU.ActiveCfg = Release|Any CPU
		{30A5C83A-0F77-46B6-929F-D1FA3F70A6C7}.Release|Any CPU.Build.0 = Release|Any CPU
		{49159399-B5C1-42BD-B994-27294ABB4483}.Debug|Any CPU.ActiveCfg = Debug|Any CPU
		{49159399-B5C1-42BD-B994-27294ABB4483}.Debug|Any CPU.Build.0 = Debug|Any CPU
		{49159399-B5C1-42BD-B994-27294ABB4483}.Release|Any CPU.ActiveCfg = Release|Any CPU
		{49159399-B5C1-42BD-B994-27294ABB4483}.Release|Any CPU.Build.0 = Release|Any CPU
		{6ED76420-25EC-44E8-9AF0-C0B72573B9E7}.Debug|Any CPU.ActiveCfg = Debug|Any CPU
		{6ED76420-25EC-44E8-9AF0-C0B72573B9E7}.Debug|Any CPU.Build.0 = Debug|Any CPU
		{6ED76420-25EC-44E8-9AF0-C0B72573B9E7}.Release|Any CPU.ActiveCfg = Release|Any CPU
		{6ED76420-25EC-44E8-9AF0-C0B72573B9E7}.Release|Any CPU.Build.0 = Release|Any CPU
	EndGlobalSection
	GlobalSection(SolutionProperties) = preSolution
		HideSolutionNode = FALSE
	EndGlobalSection
	GlobalSection(NestedProjects) = preSolution
		{50049B72-AEB0-413B-9383-D251EB7CD916} = {241335F7-861F-4148-86BF-ABBD7F80D97F}
		{0F030DAC-5038-4418-95FE-49A8A8056531} = {3D85487D-71F7-4343-8708-C090093FA3A2}
		{BADA6914-E769-468E-8C44-93445060D0A7} = {C0CE3EE2-1AC6-48F0-86DF-887756993D4F}
		{60A38175-AC4B-4BEA-B08D-E3540A9E8731} = {C0CE3EE2-1AC6-48F0-86DF-887756993D4F}
		{E65FE3A5-A33D-4DEE-9FFC-5A9AD0BCE805} = {ABBCD4EC-B2D9-46BE-9797-EE20186E479C}
		{123D3D03-8048-4518-979F-404EFC91DBA0} = {ABBCD4EC-B2D9-46BE-9797-EE20186E479C}
		{2C805545-AAB1-49B2-AE53-71E2556D834E} = {C0CE3EE2-1AC6-48F0-86DF-887756993D4F}
		{4B918374-41D2-4535-AF3E-A9F0156BA5F1} = {ABBCD4EC-B2D9-46BE-9797-EE20186E479C}
		{81258226-AA53-4D88-96F0-300DEE7DC8D7} = {ABBCD4EC-B2D9-46BE-9797-EE20186E479C}
		{84658478-71FD-4589-B483-34FCD2598EE1} = {ABBCD4EC-B2D9-46BE-9797-EE20186E479C}
		{69A24952-589C-47C3-B9C1-C1DF7049D61B} = {ABBCD4EC-B2D9-46BE-9797-EE20186E479C}
		{0DD63B5E-21C7-4C4C-B3AE-A23EFE142099} = {ABBCD4EC-B2D9-46BE-9797-EE20186E479C}
		{E163CB7C-F93A-4AF9-BD6E-5373EF21FBD6} = {ABBCD4EC-B2D9-46BE-9797-EE20186E479C}
		{8B1B6D7F-B832-4C7A-9B84-967132A0099B} = {ABBCD4EC-B2D9-46BE-9797-EE20186E479C}
		{D322F52F-59F3-4C58-9D8E-CCE171E42F19} = {ABBCD4EC-B2D9-46BE-9797-EE20186E479C}
		{F856E6E2-887E-45CD-8B65-C426EF0F2A6E} = {ABBCD4EC-B2D9-46BE-9797-EE20186E479C}
		{45CE5D20-F592-4C24-89C9-3E58FED15C34} = {ABBCD4EC-B2D9-46BE-9797-EE20186E479C}
		{C83E5F93-DBF7-4E0D-A5BF-C771CA6E4E46} = {ABBCD4EC-B2D9-46BE-9797-EE20186E479C}
		{699B0482-10B4-4F34-9373-E5A9B483D48B} = {ABBCD4EC-B2D9-46BE-9797-EE20186E479C}
		{78D17A83-02AE-4852-B58E-877EC753A166} = {ABBCD4EC-B2D9-46BE-9797-EE20186E479C}
		{7FA497A0-5128-44C3-AE7E-B8A2A62634D6} = {ABBCD4EC-B2D9-46BE-9797-EE20186E479C}
		{C5F55CA2-B0FE-44A1-B904-E0D6600868B7} = {C0CE3EE2-1AC6-48F0-86DF-887756993D4F}
		{921EB688-E02D-49D6-81BD-C35E2342C3A1} = {C0CE3EE2-1AC6-48F0-86DF-887756993D4F}
		{58BEFE74-DEAE-46FC-A0C1-F70E79964ABA} = {C0CE3EE2-1AC6-48F0-86DF-887756993D4F}
		{DCD83762-DCCF-4D33-9CB4-7557DF8C8119} = {C0CE3EE2-1AC6-48F0-86DF-887756993D4F}
		{F8C58716-14D3-4C49-A6A8-C388BA5069D7} = {C0CE3EE2-1AC6-48F0-86DF-887756993D4F}
		{8F578AD5-6CB8-4727-8E27-3B6FBED65AE4} = {C0CE3EE2-1AC6-48F0-86DF-887756993D4F}
		{C3642880-1A53-4F07-B12D-08AC9F1B9BBE} = {C0CE3EE2-1AC6-48F0-86DF-887756993D4F}
		{9A622130-F485-4957-8FA8-30B76341B458} = {C0CE3EE2-1AC6-48F0-86DF-887756993D4F}
		{8F7DDF81-8949-43E6-8D8D-2D6646B3B7B6} = {C0CE3EE2-1AC6-48F0-86DF-887756993D4F}
		{3409DAA8-DFA4-4E9A-8E95-67E15EBA3617} = {C0CE3EE2-1AC6-48F0-86DF-887756993D4F}
		{30A5C83A-0F77-46B6-929F-D1FA3F70A6C7} = {C0CE3EE2-1AC6-48F0-86DF-887756993D4F}
		{49159399-B5C1-42BD-B994-27294ABB4483} = {C0CE3EE2-1AC6-48F0-86DF-887756993D4F}
		{6ED76420-25EC-44E8-9AF0-C0B72573B9E7} = {C0CE3EE2-1AC6-48F0-86DF-887756993D4F}
	EndGlobalSection
	GlobalSection(ExtensibilityGlobals) = postSolution
		SolutionGuid = {8B96A6DF-2C33-47FE-9980-F3C7F8243DC2}
	EndGlobalSection
EndGlobal
