
Microsoft Visual Studio Solution File, Format Version 12.00
# Visual Studio Version 16
VisualStudioVersion = 16.0.29006.145
MinimumVisualStudioVersion = 10.0.40219.1
Project("{FAE04EC0-301F-11D3-BF4B-00C04F79EFBC}") = "Entities", "Entities\Entities.csproj", "{50049B72-AEB0-413B-9383-D251EB7CD916}"
EndProject
Project("{2150E333-8FDC-42A3-9474-1A3956D46DE8}") = "BLL", "BLL", "{C0CE3EE2-1AC6-48F0-86DF-887756993D4F}"
EndProject
Project("{2150E333-8FDC-42A3-9474-1A3956D46DE8}") = "DAL", "DAL", "{ABBCD4EC-B2D9-46BE-9797-EE20186E479C}"
EndProject
Project("{2150E333-8FDC-42A3-9474-1A3956D46DE8}") = "PL", "PL", "{3D85487D-71F7-4343-8708-C090093FA3A2}"
EndProject
Project("{2150E333-8FDC-42A3-9474-1A3956D46DE8}") = "Entities", "Entities", "{241335F7-861F-4148-86BF-ABBD7F80D97F}"
EndProject
Project("{FAE04EC0-301F-11D3-BF4B-00C04F79EFBC}") = "WebApp", "WebApp\WebApp.csproj", "{0F030DAC-5038-4418-95FE-49A8A8056531}"
EndProject
Project("{FAE04EC0-301F-11D3-BF4B-00C04F79EFBC}") = "DALImplementations", "DALImplementations\DALImplementations.csproj", "{69A24952-589C-47C3-B9C1-C1DF7049D61B}"
EndProject
Project("{FAE04EC0-301F-11D3-BF4B-00C04F79EFBC}") = "DALInterfaces", "DALInterfaces\DALInterfaces.csproj", "{D322F52F-59F3-4C58-9D8E-CCE171E42F19}"
EndProject
Project("{FAE04EC0-301F-11D3-BF4B-00C04F79EFBC}") = "BLLInterfaces", "BLLInterfaces\BLLInterfaces.csproj", "{921EB688-E02D-49D6-81BD-C35E2342C3A1}"
EndProject
Project("{FAE04EC0-301F-11D3-BF4B-00C04F79EFBC}") = "BLLImplementations", "BLLImplementations\BLLImplementations.csproj", "{9A622130-F485-4957-8FA8-30B76341B458}"
EndProject
Project("{FAE04EC0-301F-11D3-BF4B-00C04F79EFBC}") = "Cache", "Cache\Cache.csproj", "{AC8A1F98-0FDE-4152-9C86-10D697A45940}"
EndProject
Global
	GlobalSection(SolutionConfigurationPlatforms) = preSolution
		Debug|Any CPU = Debug|Any CPU
		Release|Any CPU = Release|Any CPU
	EndGlobalSection
	GlobalSection(ProjectConfigurationPlatforms) = postSolution
		{50049B72-AEB0-413B-9383-D251EB7CD916}.Debug|Any CPU.ActiveCfg = Debug|Any CPU
		{50049B72-AEB0-413B-9383-D251EB7CD916}.Debug|Any CPU.Build.0 = Debug|Any CPU
		{50049B72-AEB0-413B-9383-D251EB7CD916}.Release|Any CPU.ActiveCfg = Release|Any CPU
		{50049B72-AEB0-413B-9383-D251EB7CD916}.Release|Any CPU.Build.0 = Release|Any CPU
		{0F030DAC-5038-4418-95FE-49A8A8056531}.Debug|Any CPU.ActiveCfg = Debug|Any CPU
		{0F030DAC-5038-4418-95FE-49A8A8056531}.Debug|Any CPU.Build.0 = Debug|Any CPU
		{0F030DAC-5038-4418-95FE-49A8A8056531}.Release|Any CPU.ActiveCfg = Release|Any CPU
		{0F030DAC-5038-4418-95FE-49A8A8056531}.Release|Any CPU.Build.0 = Release|Any CPU
		{69A24952-589C-47C3-B9C1-C1DF7049D61B}.Debug|Any CPU.ActiveCfg = Debug|Any CPU
		{69A24952-589C-47C3-B9C1-C1DF7049D61B}.Debug|Any CPU.Build.0 = Debug|Any CPU
		{69A24952-589C-47C3-B9C1-C1DF7049D61B}.Release|Any CPU.ActiveCfg = Release|Any CPU
		{69A24952-589C-47C3-B9C1-C1DF7049D61B}.Release|Any CPU.Build.0 = Release|Any CPU
		{D322F52F-59F3-4C58-9D8E-CCE171E42F19}.Debug|Any CPU.ActiveCfg = Debug|Any CPU
		{D322F52F-59F3-4C58-9D8E-CCE171E42F19}.Debug|Any CPU.Build.0 = Debug|Any CPU
		{D322F52F-59F3-4C58-9D8E-CCE171E42F19}.Release|Any CPU.ActiveCfg = Release|Any CPU
		{D322F52F-59F3-4C58-9D8E-CCE171E42F19}.Release|Any CPU.Build.0 = Release|Any CPU
		{921EB688-E02D-49D6-81BD-C35E2342C3A1}.Debug|Any CPU.ActiveCfg = Debug|Any CPU
		{921EB688-E02D-49D6-81BD-C35E2342C3A1}.Debug|Any CPU.Build.0 = Debug|Any CPU
		{921EB688-E02D-49D6-81BD-C35E2342C3A1}.Release|Any CPU.ActiveCfg = Release|Any CPU
		{921EB688-E02D-49D6-81BD-C35E2342C3A1}.Release|Any CPU.Build.0 = Release|Any CPU
		{9A622130-F485-4957-8FA8-30B76341B458}.Debug|Any CPU.ActiveCfg = Debug|Any CPU
		{9A622130-F485-4957-8FA8-30B76341B458}.Debug|Any CPU.Build.0 = Debug|Any CPU
		{9A622130-F485-4957-8FA8-30B76341B458}.Release|Any CPU.ActiveCfg = Release|Any CPU
		{9A622130-F485-4957-8FA8-30B76341B458}.Release|Any CPU.Build.0 = Release|Any CPU
		{AC8A1F98-0FDE-4152-9C86-10D697A45940}.Debug|Any CPU.ActiveCfg = Debug|Any CPU
		{AC8A1F98-0FDE-4152-9C86-10D697A45940}.Debug|Any CPU.Build.0 = Debug|Any CPU
		{AC8A1F98-0FDE-4152-9C86-10D697A45940}.Release|Any CPU.ActiveCfg = Release|Any CPU
		{AC8A1F98-0FDE-4152-9C86-10D697A45940}.Release|Any CPU.Build.0 = Release|Any CPU
	EndGlobalSection
	GlobalSection(SolutionProperties) = preSolution
		HideSolutionNode = FALSE
	EndGlobalSection
	GlobalSection(NestedProjects) = preSolution
		{50049B72-AEB0-413B-9383-D251EB7CD916} = {241335F7-861F-4148-86BF-ABBD7F80D97F}
		{0F030DAC-5038-4418-95FE-49A8A8056531} = {3D85487D-71F7-4343-8708-C090093FA3A2}
		{69A24952-589C-47C3-B9C1-C1DF7049D61B} = {ABBCD4EC-B2D9-46BE-9797-EE20186E479C}
		{D322F52F-59F3-4C58-9D8E-CCE171E42F19} = {ABBCD4EC-B2D9-46BE-9797-EE20186E479C}
		{921EB688-E02D-49D6-81BD-C35E2342C3A1} = {C0CE3EE2-1AC6-48F0-86DF-887756993D4F}
		{9A622130-F485-4957-8FA8-30B76341B458} = {C0CE3EE2-1AC6-48F0-86DF-887756993D4F}
	EndGlobalSection
	GlobalSection(ExtensibilityGlobals) = postSolution
		SolutionGuid = {8B96A6DF-2C33-47FE-9980-F3C7F8243DC2}
	EndGlobalSection
EndGlobal
